// !$*UTF8*$!
{
	archiveVersion = 1;
	classes = {
	};
	objectVersion = 56;
	objects = {

/* Begin PBXBuildFile section */
		8DD129D32A277889007ECCBB /* Notes Watch App.app in Embed Watch Content */ = {isa = PBXBuildFile; fileRef = 8DD129D22A277889007ECCBB /* Notes Watch App.app */; settings = {ATTRIBUTES = (RemoveHeadersOnCopy, ); }; };
		8DD129D82A277889007ECCBB /* NotesApp.swift in Sources */ = {isa = PBXBuildFile; fileRef = 8DD129D72A277889007ECCBB /* NotesApp.swift */; };
		8DD129DA2A277889007ECCBB /* ContentView.swift in Sources */ = {isa = PBXBuildFile; fileRef = 8DD129D92A277889007ECCBB /* ContentView.swift */; };
		8DD129DC2A27788D007ECCBB /* Assets.xcassets in Resources */ = {isa = PBXBuildFile; fileRef = 8DD129DB2A27788D007ECCBB /* Assets.xcassets */; };
		8DD129DF2A27788D007ECCBB /* Preview Assets.xcassets in Resources */ = {isa = PBXBuildFile; fileRef = 8DD129DE2A27788D007ECCBB /* Preview Assets.xcassets */; };
		8DD129EC2A277CD3007ECCBB /* Note.swift in Sources */ = {isa = PBXBuildFile; fileRef = 8DD129EB2A277CD2007ECCBB /* Note.swift */; };
		8DD129EE2A27BEF6007ECCBB /* DetailView.swift in Sources */ = {isa = PBXBuildFile; fileRef = 8DD129ED2A27BEF6007ECCBB /* DetailView.swift */; };
		8DD129F02A27BF77007ECCBB /* HeaderView.swift in Sources */ = {isa = PBXBuildFile; fileRef = 8DD129EF2A27BF77007ECCBB /* HeaderView.swift */; };
		8DD129F32A27C0D5007ECCBB /* CreditsView.swift in Sources */ = {isa = PBXBuildFile; fileRef = 8DD129F22A27C0D5007ECCBB /* CreditsView.swift */; };
		8DD129F52A27C4CA007ECCBB /* SettingsView.swift in Sources */ = {isa = PBXBuildFile; fileRef = 8DD129F42A27C4CA007ECCBB /* SettingsView.swift */; };
/* End PBXBuildFile section */

/* Begin PBXContainerItemProxy section */
		8DD129D42A277889007ECCBB /* PBXContainerItemProxy */ = {
			isa = PBXContainerItemProxy;
			containerPortal = 8DD129C62A277889007ECCBB /* Project object */;
			proxyType = 1;
			remoteGlobalIDString = 8DD129D12A277889007ECCBB;
			remoteInfo = "Notes Watch App";
		};
/* End PBXContainerItemProxy section */

/* Begin PBXCopyFilesBuildPhase section */
		8DD129E52A27788D007ECCBB /* Embed Watch Content */ = {
			isa = PBXCopyFilesBuildPhase;
			buildActionMask = 2147483647;
			dstPath = "$(CONTENTS_FOLDER_PATH)/Watch";
			dstSubfolderSpec = 16;
			files = (
				8DD129D32A277889007ECCBB /* Notes Watch App.app in Embed Watch Content */,
			);
			name = "Embed Watch Content";
			runOnlyForDeploymentPostprocessing = 0;
		};
/* End PBXCopyFilesBuildPhase section */

/* Begin PBXFileReference section */
		8DD129CC2A277889007ECCBB /* Notes.app */ = {isa = PBXFileReference; explicitFileType = wrapper.application; includeInIndex = 0; path = Notes.app; sourceTree = BUILT_PRODUCTS_DIR; };
		8DD129D22A277889007ECCBB /* Notes Watch App.app */ = {isa = PBXFileReference; explicitFileType = wrapper.application; includeInIndex = 0; path = "Notes Watch App.app"; sourceTree = BUILT_PRODUCTS_DIR; };
		8DD129D72A277889007ECCBB /* NotesApp.swift */ = {isa = PBXFileReference; lastKnownFileType = sourcecode.swift; path = NotesApp.swift; sourceTree = "<group>"; };
		8DD129D92A277889007ECCBB /* ContentView.swift */ = {isa = PBXFileReference; lastKnownFileType = sourcecode.swift; path = ContentView.swift; sourceTree = "<group>"; };
		8DD129DB2A27788D007ECCBB /* Assets.xcassets */ = {isa = PBXFileReference; lastKnownFileType = folder.assetcatalog; path = Assets.xcassets; sourceTree = "<group>"; };
		8DD129DE2A27788D007ECCBB /* Preview Assets.xcassets */ = {isa = PBXFileReference; lastKnownFileType = folder.assetcatalog; path = "Preview Assets.xcassets"; sourceTree = "<group>"; };
		8DD129EB2A277CD2007ECCBB /* Note.swift */ = {isa = PBXFileReference; lastKnownFileType = sourcecode.swift; path = Note.swift; sourceTree = "<group>"; };
		8DD129ED2A27BEF6007ECCBB /* DetailView.swift */ = {isa = PBXFileReference; lastKnownFileType = sourcecode.swift; path = DetailView.swift; sourceTree = "<group>"; };
		8DD129EF2A27BF77007ECCBB /* HeaderView.swift */ = {isa = PBXFileReference; lastKnownFileType = sourcecode.swift; path = HeaderView.swift; sourceTree = "<group>"; };
		8DD129F22A27C0D5007ECCBB /* CreditsView.swift */ = {isa = PBXFileReference; lastKnownFileType = sourcecode.swift; path = CreditsView.swift; sourceTree = "<group>"; };
		8DD129F42A27C4CA007ECCBB /* SettingsView.swift */ = {isa = PBXFileReference; lastKnownFileType = sourcecode.swift; path = SettingsView.swift; sourceTree = "<group>"; };
/* End PBXFileReference section */

/* Begin PBXFrameworksBuildPhase section */
		8DD129CF2A277889007ECCBB /* Frameworks */ = {
			isa = PBXFrameworksBuildPhase;
			buildActionMask = 2147483647;
			files = (
			);
			runOnlyForDeploymentPostprocessing = 0;
		};
/* End PBXFrameworksBuildPhase section */

/* Begin PBXGroup section */
		8DD129C52A277889007ECCBB = {
			isa = PBXGroup;
			children = (
				8DD129D62A277889007ECCBB /* Notes Watch App */,
				8DD129CD2A277889007ECCBB /* Products */,
			);
			sourceTree = "<group>";
		};
		8DD129CD2A277889007ECCBB /* Products */ = {
			isa = PBXGroup;
			children = (
				8DD129CC2A277889007ECCBB /* Notes.app */,
				8DD129D22A277889007ECCBB /* Notes Watch App.app */,
			);
			name = Products;
			sourceTree = "<group>";
		};
		8DD129D62A277889007ECCBB /* Notes Watch App */ = {
			isa = PBXGroup;
			children = (
				8DD129EA2A277C9A007ECCBB /* Model */,
				8DD129D72A277889007ECCBB /* NotesApp.swift */,
				8DD129E92A277C93007ECCBB /* View */,
				8DD129F12A27BF7E007ECCBB /* Component */,
				8DD129DB2A27788D007ECCBB /* Assets.xcassets */,
				8DD129DD2A27788D007ECCBB /* Preview Content */,
			);
			path = "Notes Watch App";
			sourceTree = "<group>";
		};
		8DD129DD2A27788D007ECCBB /* Preview Content */ = {
			isa = PBXGroup;
			children = (
				8DD129DE2A27788D007ECCBB /* Preview Assets.xcassets */,
			);
			path = "Preview Content";
			sourceTree = "<group>";
		};
		8DD129E92A277C93007ECCBB /* View */ = {
			isa = PBXGroup;
			children = (
				8DD129D92A277889007ECCBB /* ContentView.swift */,
				8DD129ED2A27BEF6007ECCBB /* DetailView.swift */,
				8DD129F22A27C0D5007ECCBB /* CreditsView.swift */,
				8DD129F42A27C4CA007ECCBB /* SettingsView.swift */,
			);
			path = View;
			sourceTree = "<group>";
		};
		8DD129EA2A277C9A007ECCBB /* Model */ = {
			isa = PBXGroup;
			children = (
				8DD129EB2A277CD2007ECCBB /* Note.swift */,
			);
			path = Model;
			sourceTree = "<group>";
		};
		8DD129F12A27BF7E007ECCBB /* Component */ = {
			isa = PBXGroup;
			children = (
				8DD129EF2A27BF77007ECCBB /* HeaderView.swift */,
			);
			path = Component;
			sourceTree = "<group>";
		};
/* End PBXGroup section */

/* Begin PBXNativeTarget section */
		8DD129CB2A277889007ECCBB /* Notes */ = {
			isa = PBXNativeTarget;
			buildConfigurationList = 8DD129E62A27788D007ECCBB /* Build configuration list for PBXNativeTarget "Notes" */;
			buildPhases = (
				8DD129CA2A277889007ECCBB /* Resources */,
				8DD129E52A27788D007ECCBB /* Embed Watch Content */,
			);
			buildRules = (
			);
			dependencies = (
				8DD129D52A277889007ECCBB /* PBXTargetDependency */,
			);
			name = Notes;
			productName = Notes;
			productReference = 8DD129CC2A277889007ECCBB /* Notes.app */;
			productType = "com.apple.product-type.application.watchapp2-container";
		};
		8DD129D12A277889007ECCBB /* Notes Watch App */ = {
			isa = PBXNativeTarget;
			buildConfigurationList = 8DD129E22A27788D007ECCBB /* Build configuration list for PBXNativeTarget "Notes Watch App" */;
			buildPhases = (
				8DD129CE2A277889007ECCBB /* Sources */,
				8DD129CF2A277889007ECCBB /* Frameworks */,
				8DD129D02A277889007ECCBB /* Resources */,
			);
			buildRules = (
			);
			dependencies = (
			);
			name = "Notes Watch App";
			productName = "Notes Watch App";
			productReference = 8DD129D22A277889007ECCBB /* Notes Watch App.app */;
			productType = "com.apple.product-type.application";
		};
/* End PBXNativeTarget section */

/* Begin PBXProject section */
		8DD129C62A277889007ECCBB /* Project object */ = {
			isa = PBXProject;
			attributes = {
				BuildIndependentTargetsInParallel = 1;
				LastSwiftUpdateCheck = 1420;
				LastUpgradeCheck = 1420;
				TargetAttributes = {
					8DD129CB2A277889007ECCBB = {
						CreatedOnToolsVersion = 14.2;
					};
					8DD129D12A277889007ECCBB = {
						CreatedOnToolsVersion = 14.2;
					};
				};
			};
			buildConfigurationList = 8DD129C92A277889007ECCBB /* Build configuration list for PBXProject "Notes" */;
			compatibilityVersion = "Xcode 14.0";
			developmentRegion = en;
			hasScannedForEncodings = 0;
			knownRegions = (
				en,
				Base,
			);
			mainGroup = 8DD129C52A277889007ECCBB;
			productRefGroup = 8DD129CD2A277889007ECCBB /* Products */;
			projectDirPath = "";
			projectRoot = "";
			targets = (
				8DD129CB2A277889007ECCBB /* Notes */,
				8DD129D12A277889007ECCBB /* Notes Watch App */,
			);
		};
/* End PBXProject section */

/* Begin PBXResourcesBuildPhase section */
		8DD129CA2A277889007ECCBB /* Resources */ = {
			isa = PBXResourcesBuildPhase;
			buildActionMask = 2147483647;
			files = (
			);
			runOnlyForDeploymentPostprocessing = 0;
		};
		8DD129D02A277889007ECCBB /* Resources */ = {
			isa = PBXResourcesBuildPhase;
			buildActionMask = 2147483647;
			files = (
				8DD129DF2A27788D007ECCBB /* Preview Assets.xcassets in Resources */,
				8DD129DC2A27788D007ECCBB /* Assets.xcassets in Resources */,
			);
			runOnlyForDeploymentPostprocessing = 0;
		};
/* End PBXResourcesBuildPhase section */

/* Begin PBXSourcesBuildPhase section */
		8DD129CE2A277889007ECCBB /* Sources */ = {
			isa = PBXSourcesBuildPhase;
			buildActionMask = 2147483647;
			files = (
				8DD129F52A27C4CA007ECCBB /* SettingsView.swift in Sources */,
				8DD129F02A27BF77007ECCBB /* HeaderView.swift in Sources */,
				8DD129F32A27C0D5007ECCBB /* CreditsView.swift in Sources */,
				8DD129DA2A277889007ECCBB /* ContentView.swift in Sources */,
				8DD129EE2A27BEF6007ECCBB /* DetailView.swift in Sources */,
				8DD129D82A277889007ECCBB /* NotesApp.swift in Sources */,
				8DD129EC2A277CD3007ECCBB /* Note.swift in Sources */,
			);
			runOnlyForDeploymentPostprocessing = 0;
		};
/* End PBXSourcesBuildPhase section */

/* Begin PBXTargetDependency section */
		8DD129D52A277889007ECCBB /* PBXTargetDependency */ = {
			isa = PBXTargetDependency;
			target = 8DD129D12A277889007ECCBB /* Notes Watch App */;
			targetProxy = 8DD129D42A277889007ECCBB /* PBXContainerItemProxy */;
		};
/* End PBXTargetDependency section */

/* Begin XCBuildConfiguration section */
		8DD129E02A27788D007ECCBB /* Debug */ = {
			isa = XCBuildConfiguration;
			buildSettings = {
				ALWAYS_SEARCH_USER_PATHS = NO;
				CLANG_ANALYZER_NONNULL = YES;
				CLANG_ANALYZER_NUMBER_OBJECT_CONVERSION = YES_AGGRESSIVE;
				CLANG_CXX_LANGUAGE_STANDARD = "gnu++20";
				CLANG_ENABLE_MODULES = YES;
				CLANG_ENABLE_OBJC_ARC = YES;
				CLANG_ENABLE_OBJC_WEAK = YES;
				CLANG_WARN_BLOCK_CAPTURE_AUTORELEASING = YES;
				CLANG_WARN_BOOL_CONVERSION = YES;
				CLANG_WARN_COMMA = YES;
				CLANG_WARN_CONSTANT_CONVERSION = YES;
				CLANG_WARN_DEPRECATED_OBJC_IMPLEMENTATIONS = YES;
				CLANG_WARN_DIRECT_OBJC_ISA_USAGE = YES_ERROR;
				CLANG_WARN_DOCUMENTATION_COMMENTS = YES;
				CLANG_WARN_EMPTY_BODY = YES;
				CLANG_WARN_ENUM_CONVERSION = YES;
				CLANG_WARN_INFINITE_RECURSION = YES;
				CLANG_WARN_INT_CONVERSION = YES;
				CLANG_WARN_NON_LITERAL_NULL_CONVERSION = YES;
				CLANG_WARN_OBJC_IMPLICIT_RETAIN_SELF = YES;
				CLANG_WARN_OBJC_LITERAL_CONVERSION = YES;
				CLANG_WARN_OBJC_ROOT_CLASS = YES_ERROR;
				CLANG_WARN_QUOTED_INCLUDE_IN_FRAMEWORK_HEADER = YES;
				CLANG_WARN_RANGE_LOOP_ANALYSIS = YES;
				CLANG_WARN_STRICT_PROTOTYPES = YES;
				CLANG_WARN_SUSPICIOUS_MOVE = YES;
				CLANG_WARN_UNGUARDED_AVAILABILITY = YES_AGGRESSIVE;
				CLANG_WARN_UNREACHABLE_CODE = YES;
				CLANG_WARN__DUPLICATE_METHOD_MATCH = YES;
				COPY_PHASE_STRIP = NO;
				DEBUG_INFORMATION_FORMAT = dwarf;
				ENABLE_STRICT_OBJC_MSGSEND = YES;
				ENABLE_TESTABILITY = YES;
				GCC_C_LANGUAGE_STANDARD = gnu11;
				GCC_DYNAMIC_NO_PIC = NO;
				GCC_NO_COMMON_BLOCKS = YES;
				GCC_OPTIMIZATION_LEVEL = 0;
				GCC_PREPROCESSOR_DEFINITIONS = (
					"DEBUG=1",
					"$(inherited)",
				);
				GCC_WARN_64_TO_32_BIT_CONVERSION = YES;
				GCC_WARN_ABOUT_RETURN_TYPE = YES_ERROR;
				GCC_WARN_UNDECLARED_SELECTOR = YES;
				GCC_WARN_UNINITIALIZED_AUTOS = YES_AGGRESSIVE;
				GCC_WARN_UNUSED_FUNCTION = YES;
				GCC_WARN_UNUSED_VARIABLE = YES;
				MTL_ENABLE_DEBUG_INFO = INCLUDE_SOURCE;
				MTL_FAST_MATH = YES;
				ONLY_ACTIVE_ARCH = YES;
				SWIFT_ACTIVE_COMPILATION_CONDITIONS = DEBUG;
				SWIFT_OPTIMIZATION_LEVEL = "-Onone";
			};
			name = Debug;
		};
		8DD129E12A27788D007ECCBB /* Release */ = {
			isa = XCBuildConfiguration;
			buildSettings = {
				ALWAYS_SEARCH_USER_PATHS = NO;
				CLANG_ANALYZER_NONNULL = YES;
				CLANG_ANALYZER_NUMBER_OBJECT_CONVERSION = YES_AGGRESSIVE;
				CLANG_CXX_LANGUAGE_STANDARD = "gnu++20";
				CLANG_ENABLE_MODULES = YES;
				CLANG_ENABLE_OBJC_ARC = YES;
				CLANG_ENABLE_OBJC_WEAK = YES;
				CLANG_WARN_BLOCK_CAPTURE_AUTORELEASING = YES;
				CLANG_WARN_BOOL_CONVERSION = YES;
				CLANG_WARN_COMMA = YES;
				CLANG_WARN_CONSTANT_CONVERSION = YES;
				CLANG_WARN_DEPRECATED_OBJC_IMPLEMENTATIONS = YES;
				CLANG_WARN_DIRECT_OBJC_ISA_USAGE = YES_ERROR;
				CLANG_WARN_DOCUMENTATION_COMMENTS = YES;
				CLANG_WARN_EMPTY_BODY = YES;
				CLANG_WARN_ENUM_CONVERSION = YES;
				CLANG_WARN_INFINITE_RECURSION = YES;
				CLANG_WARN_INT_CONVERSION = YES;
				CLANG_WARN_NON_LITERAL_NULL_CONVERSION = YES;
				CLANG_WARN_OBJC_IMPLICIT_RETAIN_SELF = YES;
				CLANG_WARN_OBJC_LITERAL_CONVERSION = YES;
				CLANG_WARN_OBJC_ROOT_CLASS = YES_ERROR;
				CLANG_WARN_QUOTED_INCLUDE_IN_FRAMEWORK_HEADER = YES;
				CLANG_WARN_RANGE_LOOP_ANALYSIS = YES;
				CLANG_WARN_STRICT_PROTOTYPES = YES;
				CLANG_WARN_SUSPICIOUS_MOVE = YES;
				CLANG_WARN_UNGUARDED_AVAILABILITY = YES_AGGRESSIVE;
				CLANG_WARN_UNREACHABLE_CODE = YES;
				CLANG_WARN__DUPLICATE_METHOD_MATCH = YES;
				COPY_PHASE_STRIP = NO;
				DEBUG_INFORMATION_FORMAT = "dwarf-with-dsym";
				ENABLE_NS_ASSERTIONS = NO;
				ENABLE_STRICT_OBJC_MSGSEND = YES;
				GCC_C_LANGUAGE_STANDARD = gnu11;
				GCC_NO_COMMON_BLOCKS = YES;
				GCC_WARN_64_TO_32_BIT_CONVERSION = YES;
				GCC_WARN_ABOUT_RETURN_TYPE = YES_ERROR;
				GCC_WARN_UNDECLARED_SELECTOR = YES;
				GCC_WARN_UNINITIALIZED_AUTOS = YES_AGGRESSIVE;
				GCC_WARN_UNUSED_FUNCTION = YES;
				GCC_WARN_UNUSED_VARIABLE = YES;
				MTL_ENABLE_DEBUG_INFO = NO;
				MTL_FAST_MATH = YES;
				SWIFT_COMPILATION_MODE = wholemodule;
				SWIFT_OPTIMIZATION_LEVEL = "-O";
			};
			name = Release;
		};
		8DD129E32A27788D007ECCBB /* Debug */ = {
			isa = XCBuildConfiguration;
			buildSettings = {
				ASSETCATALOG_COMPILER_APPICON_NAME = AppIcon;
				ASSETCATALOG_COMPILER_GLOBAL_ACCENT_COLOR_NAME = AccentColor;
				CODE_SIGN_STYLE = Automatic;
				CURRENT_PROJECT_VERSION = 1;
				DEVELOPMENT_ASSET_PATHS = "\"Notes Watch App/Preview Content\"";
				ENABLE_PREVIEWS = YES;
				GENERATE_INFOPLIST_FILE = YES;
				INFOPLIST_KEY_CFBundleDisplayName = Notes;
				INFOPLIST_KEY_UISupportedInterfaceOrientations = "UIInterfaceOrientationPortrait UIInterfaceOrientationPortraitUpsideDown";
				INFOPLIST_KEY_WKWatchOnly = YES;
				LD_RUNPATH_SEARCH_PATHS = (
					"$(inherited)",
					"@executable_path/Frameworks",
				);
				MARKETING_VERSION = 1.0;
				PRODUCT_BUNDLE_IDENTIFIER = com.demo.Notes.watchkitapp;
				PRODUCT_NAME = "$(TARGET_NAME)";
				SDKROOT = watchos;
				SKIP_INSTALL = YES;
				SWIFT_EMIT_LOC_STRINGS = YES;
				SWIFT_VERSION = 5.0;
				TARGETED_DEVICE_FAMILY = 4;
				WATCHOS_DEPLOYMENT_TARGET = 9.1;
			};
			name = Debug;
		};
		8DD129E42A27788D007ECCBB /* Release */ = {
			isa = XCBuildConfiguration;
			buildSettings = {
				ASSETCATALOG_COMPILER_APPICON_NAME = AppIcon;
				ASSETCATALOG_COMPILER_GLOBAL_ACCENT_COLOR_NAME = AccentColor;
				CODE_SIGN_STYLE = Automatic;
				CURRENT_PROJECT_VERSION = 1;
				DEVELOPMENT_ASSET_PATHS = "\"Notes Watch App/Preview Content\"";
				ENABLE_PREVIEWS = YES;
				GENERATE_INFOPLIST_FILE = YES;
				INFOPLIST_KEY_CFBundleDisplayName = Notes;
				INFOPLIST_KEY_UISupportedInterfaceOrientations = "UIInterfaceOrientationPortrait UIInterfaceOrientationPortraitUpsideDown";
				INFOPLIST_KEY_WKWatchOnly = YES;
				LD_RUNPATH_SEARCH_PATHS = (
					"$(inherited)",
					"@executable_path/Frameworks",
				);
				MARKETING_VERSION = 1.0;
				PRODUCT_BUNDLE_IDENTIFIER = com.demo.Notes.watchkitapp;
				PRODUCT_NAME = "$(TARGET_NAME)";
				SDKROOT = watchos;
				SKIP_INSTALL = YES;
				SWIFT_EMIT_LOC_STRINGS = YES;
				SWIFT_VERSION = 5.0;
				TARGETED_DEVICE_FAMILY = 4;
				VALIDATE_PRODUCT = YES;
				WATCHOS_DEPLOYMENT_TARGET = 9.1;
			};
			name = Release;
		};
		8DD129E72A27788D007ECCBB /* Debug */ = {
			isa = XCBuildConfiguration;
			buildSettings = {
				ALWAYS_EMBED_SWIFT_STANDARD_LIBRARIES = YES;
				CODE_SIGN_STYLE = Automatic;
				CURRENT_PROJECT_VERSION = 1;
				INFOPLIST_KEY_CFBundleDisplayName = Notes;
				MARKETING_VERSION = 1.0;
				PRODUCT_BUNDLE_IDENTIFIER = com.demo.Notes;
				PRODUCT_NAME = "$(TARGET_NAME)";
				SDKROOT = iphoneos;
				SWIFT_VERSION = 5.0;
			};
			name = Debug;
		};
		8DD129E82A27788D007ECCBB /* Release */ = {
			isa = XCBuildConfiguration;
			buildSettings = {
				ALWAYS_EMBED_SWIFT_STANDARD_LIBRARIES = YES;
				CODE_SIGN_STYLE = Automatic;
				CURRENT_PROJECT_VERSION = 1;
				INFOPLIST_KEY_CFBundleDisplayName = Notes;
				MARKETING_VERSION = 1.0;
				PRODUCT_BUNDLE_IDENTIFIER = com.demo.Notes;
				PRODUCT_NAME = "$(TARGET_NAME)";
				SDKROOT = iphoneos;
				SWIFT_VERSION = 5.0;
				VALIDATE_PRODUCT = YES;
			};
			name = Release;
		};
/* End XCBuildConfiguration section */

/* Begin XCConfigurationList section */
		8DD129C92A277889007ECCBB /* Build configuration list for PBXProject "Notes" */ = {
			isa = XCConfigurationList;
			buildConfigurations = (
				8DD129E02A27788D007ECCBB /* Debug */,
				8DD129E12A27788D007ECCBB /* Release */,
			);
			defaultConfigurationIsVisible = 0;
			defaultConfigurationName = Release;
		};
		8DD129E22A27788D007ECCBB /* Build configuration list for PBXNativeTarget "Notes Watch App" */ = {
			isa = XCConfigurationList;
			buildConfigurations = (
				8DD129E32A27788D007ECCBB /* Debug */,
				8DD129E42A27788D007ECCBB /* Release */,
			);
			defaultConfigurationIsVisible = 0;
			defaultConfigurationName = Release;
		};
		8DD129E62A27788D007ECCBB /* Build configuration list for PBXNativeTarget "Notes" */ = {
			isa = XCConfigurationList;
			buildConfigurations = (
				8DD129E72A27788D007ECCBB /* Debug */,
				8DD129E82A27788D007ECCBB /* Release */,
			);
			defaultConfigurationIsVisible = 0;
			defaultConfigurationName = Release;
		};
/* End XCConfigurationList section */
	};
	rootObject = 8DD129C62A277889007ECCBB /* Project object */;
}
